
Microsoft Visual Studio Solution File, Format Version 12.00
# Visual Studio Version 17
VisualStudioVersion = 17.14.36327.8 d17.14
MinimumVisualStudioVersion = 10.0.40219.1
Project("{FAE04EC0-301F-11D3-BF4B-00C04F79EFBC}") = "Sistema de Gestión para un  Bando de Sangre", "Sistema de Gestión para un  Bando de Sangre.csproj", "{CDB56DB9-4849-4227-9BB6-A457A6874D33}"
EndProject
Global
	GlobalSection(SolutionConfigurationPlatforms) = preSolution
		Debug|Any CPU = Debug|Any CPU
		Release|Any CPU = Release|Any CPU
	EndGlobalSection
	GlobalSection(ProjectConfigurationPlatforms) = postSolution
		{CDB56DB9-4849-4227-9BB6-A457A6874D33}.Debug|Any CPU.ActiveCfg = Debug|Any CPU
		{CDB56DB9-4849-4227-9BB6-A457A6874D33}.Debug|Any CPU.Build.0 = Debug|Any CPU
		{CDB56DB9-4849-4227-9BB6-A457A6874D33}.Release|Any CPU.ActiveCfg = Release|Any CPU
		{CDB56DB9-4849-4227-9BB6-A457A6874D33}.Release|Any CPU.Build.0 = Release|Any CPU
	EndGlobalSection
	GlobalSection(SolutionProperties) = preSolution
		HideSolutionNode = FALSE
	EndGlobalSection
	GlobalSection(ExtensibilityGlobals) = postSolution
		SolutionGuid = {6AEA8E7E-1076-4E15-A1A6-BFE72FF2126D}
	EndGlobalSection
EndGlobal
